
Microsoft Visual Studio Solution File, Format Version 12.00
# Visual Studio 15
VisualStudioVersion = 15.0.28010.2050
MinimumVisualStudioVersion = 10.0.40219.1
Project("{FAE04EC0-301F-11D3-BF4B-00C04F79EFBC}") = "(P) CollectionsMinMaxAvg", "(P) Participation\(P) CollectionsMinMaxAvg.csproj", "{5C0D923D-4F0D-4A92-BF3C-B097333A233E}"
EndProject
Project("{FAE04EC0-301F-11D3-BF4B-00C04F79EFBC}") = "(P) Collections 2", "(P) Collections 2\(P) Collections 2.csproj", "{62A273C4-BEF2-4F49-B1B6-3D8627CEFAC6}"
EndProject
Project("{FAE04EC0-301F-11D3-BF4B-00C04F79EFBC}") = "(P) Functions - Calculator", "(P) Functions - Calculator\(P) Functions - Calculator.csproj", "{44A2E845-6307-40F2-A27B-730B28C000B9}"
EndProject
Project("{FAE04EC0-301F-11D3-BF4B-00C04F79EFBC}") = "(P) Functions - Participations", "(P) Functions 2\(P) Functions - Participations.csproj", "{76688D9B-A4F1-401A-B18C-81A0F3965788}"
EndProject
Global
	GlobalSection(SolutionConfigurationPlatforms) = preSolution
		Debug|Any CPU = Debug|Any CPU
		Release|Any CPU = Release|Any CPU
	EndGlobalSection
	GlobalSection(ProjectConfigurationPlatforms) = postSolution
		{5C0D923D-4F0D-4A92-BF3C-B097333A233E}.Debug|Any CPU.ActiveCfg = Debug|Any CPU
		{5C0D923D-4F0D-4A92-BF3C-B097333A233E}.Debug|Any CPU.Build.0 = Debug|Any CPU
		{5C0D923D-4F0D-4A92-BF3C-B097333A233E}.Release|Any CPU.ActiveCfg = Release|Any CPU
		{5C0D923D-4F0D-4A92-BF3C-B097333A233E}.Release|Any CPU.Build.0 = Release|Any CPU
		{62A273C4-BEF2-4F49-B1B6-3D8627CEFAC6}.Debug|Any CPU.ActiveCfg = Debug|Any CPU
		{62A273C4-BEF2-4F49-B1B6-3D8627CEFAC6}.Debug|Any CPU.Build.0 = Debug|Any CPU
		{62A273C4-BEF2-4F49-B1B6-3D8627CEFAC6}.Release|Any CPU.ActiveCfg = Release|Any CPU
		{62A273C4-BEF2-4F49-B1B6-3D8627CEFAC6}.Release|Any CPU.Build.0 = Release|Any CPU
		{44A2E845-6307-40F2-A27B-730B28C000B9}.Debug|Any CPU.ActiveCfg = Debug|Any CPU
		{44A2E845-6307-40F2-A27B-730B28C000B9}.Debug|Any CPU.Build.0 = Debug|Any CPU
		{44A2E845-6307-40F2-A27B-730B28C000B9}.Release|Any CPU.ActiveCfg = Release|Any CPU
		{44A2E845-6307-40F2-A27B-730B28C000B9}.Release|Any CPU.Build.0 = Release|Any CPU
		{76688D9B-A4F1-401A-B18C-81A0F3965788}.Debug|Any CPU.ActiveCfg = Debug|Any CPU
		{76688D9B-A4F1-401A-B18C-81A0F3965788}.Debug|Any CPU.Build.0 = Debug|Any CPU
		{76688D9B-A4F1-401A-B18C-81A0F3965788}.Release|Any CPU.ActiveCfg = Release|Any CPU
		{76688D9B-A4F1-401A-B18C-81A0F3965788}.Release|Any CPU.Build.0 = Release|Any CPU
	EndGlobalSection
	GlobalSection(SolutionProperties) = preSolution
		HideSolutionNode = FALSE
	EndGlobalSection
	GlobalSection(ExtensibilityGlobals) = postSolution
		SolutionGuid = {359868CA-D912-4A3E-B338-A8EB72212CDE}
	EndGlobalSection
EndGlobal
